
Microsoft Visual Studio Solution File, Format Version 12.00
# Visual Studio Version 17
VisualStudioVersion = 17.8.34330.188
MinimumVisualStudioVersion = 10.0.40219.1
Project("{FAE04EC0-301F-11D3-BF4B-00C04F79EFBC}") = "TecnicalAPI", "TecnicalAPI\TecnicalAPI.csproj", "{53A79654-0FB9-4E26-9184-B5F5D3957053}"
EndProject
Global
	GlobalSection(SolutionConfigurationPlatforms) = preSolution
		Debug|Any CPU = Debug|Any CPU
		Release|Any CPU = Release|Any CPU
	EndGlobalSection
	GlobalSection(ProjectConfigurationPlatforms) = postSolution
		{53A79654-0FB9-4E26-9184-B5F5D3957053}.Debug|Any CPU.ActiveCfg = Debug|Any CPU
		{53A79654-0FB9-4E26-9184-B5F5D3957053}.Debug|Any CPU.Build.0 = Debug|Any CPU
		{53A79654-0FB9-4E26-9184-B5F5D3957053}.Release|Any CPU.ActiveCfg = Release|Any CPU
		{53A79654-0FB9-4E26-9184-B5F5D3957053}.Release|Any CPU.Build.0 = Release|Any CPU
	EndGlobalSection
	GlobalSection(SolutionProperties) = preSolution
		HideSolutionNode = FALSE
	EndGlobalSection
	GlobalSection(ExtensibilityGlobals) = postSolution
		SolutionGuid = {37169E0B-38D1-48E5-B589-E29E0494C677}
	EndGlobalSection
EndGlobal
